
Microsoft Visual Studio Solution File, Format Version 12.00
# Visual Studio 2012
Project("{FAE04EC0-301F-11D3-BF4B-00C04F79EFBC}") = "ODPI", "ODPI\ODPI.csproj", "{F51D05B5-545C-4D26-ACCA-A8D72B0DD356}"
EndProject
Project("{CC5FD16D-436D-48AD-A40C-5A424C6E3E79}") = "ODPI.Cloud", "ODPI.Cloud\ODPI.Cloud.ccproj", "{703A945B-4E12-4932-8853-139015E2E8A4}"
EndProject
Global
	GlobalSection(SolutionConfigurationPlatforms) = preSolution
		Debug|Any CPU = Debug|Any CPU
		Release|Any CPU = Release|Any CPU
	EndGlobalSection
	GlobalSection(ProjectConfigurationPlatforms) = postSolution
		{F51D05B5-545C-4D26-ACCA-A8D72B0DD356}.Debug|Any CPU.ActiveCfg = Debug|Any CPU
		{F51D05B5-545C-4D26-ACCA-A8D72B0DD356}.Debug|Any CPU.Build.0 = Debug|Any CPU
		{F51D05B5-545C-4D26-ACCA-A8D72B0DD356}.Release|Any CPU.ActiveCfg = Release|Any CPU
		{F51D05B5-545C-4D26-ACCA-A8D72B0DD356}.Release|Any CPU.Build.0 = Release|Any CPU
		{703A945B-4E12-4932-8853-139015E2E8A4}.Debug|Any CPU.ActiveCfg = Debug|Any CPU
		{703A945B-4E12-4932-8853-139015E2E8A4}.Debug|Any CPU.Build.0 = Debug|Any CPU
		{703A945B-4E12-4932-8853-139015E2E8A4}.Release|Any CPU.ActiveCfg = Release|Any CPU
		{703A945B-4E12-4932-8853-139015E2E8A4}.Release|Any CPU.Build.0 = Release|Any CPU
	EndGlobalSection
	GlobalSection(SolutionProperties) = preSolution
		HideSolutionNode = FALSE
	EndGlobalSection
EndGlobal
